
Microsoft Visual Studio Solution File, Format Version 11.00
# Visual Studio 2010
Project("{E097FAD1-6243-4DAD-9C02-E9B9EFC3FFC1}") = "Assembly-CSharp", "Assembly-CSharp.csproj", "{C5F4AF8C-5321-4646-F7E1-2BF529F14F65}"
EndProject
Project("{E097FAD1-6243-4DAD-9C02-E9B9EFC3FFC1}") = "Assembly-CSharp-Editor", "Assembly-CSharp-Editor.csproj", "{25707EF6-389A-1B3F-75DA-F576988BD54A}"
EndProject
Project("{E097FAD1-6243-4DAD-9C02-E9B9EFC3FFC1}") = "Assembly-CSharp-Editor-firstpass", "Assembly-CSharp-Editor-firstpass.csproj", "{96EE3065-68BE-4DAD-3688-0F8F511F88BF}"
EndProject
Global
	GlobalSection(SolutionConfigurationPlatforms) = preSolution
		Debug|Any CPU = Debug|Any CPU
		Release|Any CPU = Release|Any CPU
	EndGlobalSection
	GlobalSection(ProjectConfigurationPlatforms) = postSolution
		{C5F4AF8C-5321-4646-F7E1-2BF529F14F65}.Debug|Any CPU.ActiveCfg = Debug|Any CPU
		{C5F4AF8C-5321-4646-F7E1-2BF529F14F65}.Debug|Any CPU.Build.0 = Debug|Any CPU
		{C5F4AF8C-5321-4646-F7E1-2BF529F14F65}.Release|Any CPU.ActiveCfg = Release|Any CPU
		{C5F4AF8C-5321-4646-F7E1-2BF529F14F65}.Release|Any CPU.Build.0 = Release|Any CPU
		{25707EF6-389A-1B3F-75DA-F576988BD54A}.Debug|Any CPU.ActiveCfg = Debug|Any CPU
		{25707EF6-389A-1B3F-75DA-F576988BD54A}.Debug|Any CPU.Build.0 = Debug|Any CPU
		{25707EF6-389A-1B3F-75DA-F576988BD54A}.Release|Any CPU.ActiveCfg = Release|Any CPU
		{25707EF6-389A-1B3F-75DA-F576988BD54A}.Release|Any CPU.Build.0 = Release|Any CPU
		{96EE3065-68BE-4DAD-3688-0F8F511F88BF}.Debug|Any CPU.ActiveCfg = Debug|Any CPU
		{96EE3065-68BE-4DAD-3688-0F8F511F88BF}.Debug|Any CPU.Build.0 = Debug|Any CPU
		{96EE3065-68BE-4DAD-3688-0F8F511F88BF}.Release|Any CPU.ActiveCfg = Release|Any CPU
		{96EE3065-68BE-4DAD-3688-0F8F511F88BF}.Release|Any CPU.Build.0 = Release|Any CPU
	EndGlobalSection
	GlobalSection(SolutionProperties) = preSolution
		HideSolutionNode = FALSE
	EndGlobalSection
	GlobalSection(MonoDevelopProperties) = preSolution
		StartupItem = Assembly-CSharp.csproj
	EndGlobalSection
EndGlobal
